
Microsoft Visual Studio Solution File, Format Version 12.00
# Visual Studio Version 17
VisualStudioVersion = 17.11.35327.3
MinimumVisualStudioVersion = 10.0.40219.1
Project("{FAE04EC0-301F-11D3-BF4B-00C04F79EFBC}") = "SwiftNest", "SwiftNest\SwiftNest.csproj", "{9865854C-5CB2-4249-8F7E-9319F0ED9BB1}"
EndProject
Global
	GlobalSection(SolutionConfigurationPlatforms) = preSolution
		Debug|Any CPU = Debug|Any CPU
		Release|Any CPU = Release|Any CPU
	EndGlobalSection
	GlobalSection(ProjectConfigurationPlatforms) = postSolution
		{9865854C-5CB2-4249-8F7E-9319F0ED9BB1}.Debug|Any CPU.ActiveCfg = Debug|Any CPU
		{9865854C-5CB2-4249-8F7E-9319F0ED9BB1}.Debug|Any CPU.Build.0 = Debug|Any CPU
		{9865854C-5CB2-4249-8F7E-9319F0ED9BB1}.Debug|Any CPU.Deploy.0 = Debug|Any CPU
		{9865854C-5CB2-4249-8F7E-9319F0ED9BB1}.Release|Any CPU.ActiveCfg = Release|Any CPU
		{9865854C-5CB2-4249-8F7E-9319F0ED9BB1}.Release|Any CPU.Build.0 = Release|Any CPU
		{9865854C-5CB2-4249-8F7E-9319F0ED9BB1}.Release|Any CPU.Deploy.0 = Release|Any CPU
	EndGlobalSection
	GlobalSection(SolutionProperties) = preSolution
		HideSolutionNode = FALSE
	EndGlobalSection
	GlobalSection(ExtensibilityGlobals) = postSolution
		SolutionGuid = {FF754642-BC3F-45F6-B4BE-227A64C9AF05}
	EndGlobalSection
EndGlobal
